
Microsoft Visual Studio Solution File, Format Version 12.00
# Visual Studio 15
VisualStudioVersion = 15.0.28010.2046
MinimumVisualStudioVersion = 10.0.40219.1
Project("{FAE04EC0-301F-11D3-BF4B-00C04F79EFBC}") = "QLNhanVien", "QLNhanVien\QLNhanVien.csproj", "{4F2D5157-55C6-4D76-A2EE-0C8CC05DE8B7}"
EndProject
Global
	GlobalSection(SolutionConfigurationPlatforms) = preSolution
		Debug|Any CPU = Debug|Any CPU
		Release|Any CPU = Release|Any CPU
	EndGlobalSection
	GlobalSection(ProjectConfigurationPlatforms) = postSolution
		{4F2D5157-55C6-4D76-A2EE-0C8CC05DE8B7}.Debug|Any CPU.ActiveCfg = Debug|Any CPU
		{4F2D5157-55C6-4D76-A2EE-0C8CC05DE8B7}.Debug|Any CPU.Build.0 = Debug|Any CPU
		{4F2D5157-55C6-4D76-A2EE-0C8CC05DE8B7}.Release|Any CPU.ActiveCfg = Release|Any CPU
		{4F2D5157-55C6-4D76-A2EE-0C8CC05DE8B7}.Release|Any CPU.Build.0 = Release|Any CPU
	EndGlobalSection
	GlobalSection(SolutionProperties) = preSolution
		HideSolutionNode = FALSE
	EndGlobalSection
	GlobalSection(ExtensibilityGlobals) = postSolution
		SolutionGuid = {268B325A-DE4B-4CAF-8FE7-57445CB2BB77}
	EndGlobalSection
EndGlobal
